// !$*UTF8*$!
{
	archiveVersion = 1;
	classes = {
	};
	objectVersion = 55;
	objects = {

/* Begin PBXBuildFile section */
		112C99FA277220EA0009FCFC /* FinanceTrackingAssistantApp.swift in Sources */ = {isa = PBXBuildFile; fileRef = 112C99F9277220EA0009FCFC /* FinanceTrackingAssistantApp.swift */; };
		112C99FC277220EA0009FCFC /* ContentView.swift in Sources */ = {isa = PBXBuildFile; fileRef = 112C99FB277220EA0009FCFC /* ContentView.swift */; };
		112C99FE277220EC0009FCFC /* Assets.xcassets in Resources */ = {isa = PBXBuildFile; fileRef = 112C99FD277220EC0009FCFC /* Assets.xcassets */; };
		112C9A01277220EC0009FCFC /* Preview Assets.xcassets in Resources */ = {isa = PBXBuildFile; fileRef = 112C9A00277220EC0009FCFC /* Preview Assets.xcassets */; };
		112C9A03277220EC0009FCFC /* Persistence.swift in Sources */ = {isa = PBXBuildFile; fileRef = 112C9A02277220EC0009FCFC /* Persistence.swift */; };
		112C9A06277220EC0009FCFC /* FinanceTrackingAssistant.xcdatamodeld in Sources */ = {isa = PBXBuildFile; fileRef = 112C9A04277220EC0009FCFC /* FinanceTrackingAssistant.xcdatamodeld */; };
		AB018F8727724DA00065488C /* ExpenseAddView.swift in Sources */ = {isa = PBXBuildFile; fileRef = AB018F8627724DA00065488C /* ExpenseAddView.swift */; };
		AB018F8A2772522E0065488C /* Expense+CoreDataClass.swift in Sources */ = {isa = PBXBuildFile; fileRef = AB018F882772522E0065488C /* Expense+CoreDataClass.swift */; };
		ABD7F7C52773A20C008C432A /* Category+CoreDataClass.swift in Sources */ = {isa = PBXBuildFile; fileRef = ABD7F7C32773A20C008C432A /* Category+CoreDataClass.swift */; };
		ABD7F7C92773A6BB008C432A /* LogicExtensions.swift in Sources */ = {isa = PBXBuildFile; fileRef = ABD7F7C82773A6BB008C432A /* LogicExtensions.swift */; };
		ABD7F7CB2773A886008C432A /* UIExtensions.swift in Sources */ = {isa = PBXBuildFile; fileRef = ABD7F7CA2773A886008C432A /* UIExtensions.swift */; };
		ABD7F7CD2773C9E8008C432A /* CategoryAddView.swift in Sources */ = {isa = PBXBuildFile; fileRef = ABD7F7CC2773C9E8008C432A /* CategoryAddView.swift */; };
		ABDE481B277325FB00613E31 /* FTAViewModel.swift in Sources */ = {isa = PBXBuildFile; fileRef = ABDE481A277325FB00613E31 /* FTAViewModel.swift */; };
/* End PBXBuildFile section */

/* Begin PBXFileReference section */
		112C99F6277220EA0009FCFC /* FinanceTrackingAssistant.app */ = {isa = PBXFileReference; explicitFileType = wrapper.application; includeInIndex = 0; path = FinanceTrackingAssistant.app; sourceTree = BUILT_PRODUCTS_DIR; };
		112C99F9277220EA0009FCFC /* FinanceTrackingAssistantApp.swift */ = {isa = PBXFileReference; lastKnownFileType = sourcecode.swift; path = FinanceTrackingAssistantApp.swift; sourceTree = "<group>"; };
		112C99FB277220EA0009FCFC /* ContentView.swift */ = {isa = PBXFileReference; lastKnownFileType = sourcecode.swift; path = ContentView.swift; sourceTree = "<group>"; };
		112C99FD277220EC0009FCFC /* Assets.xcassets */ = {isa = PBXFileReference; lastKnownFileType = folder.assetcatalog; path = Assets.xcassets; sourceTree = "<group>"; };
		112C9A00277220EC0009FCFC /* Preview Assets.xcassets */ = {isa = PBXFileReference; lastKnownFileType = folder.assetcatalog; path = "Preview Assets.xcassets"; sourceTree = "<group>"; };
		112C9A02277220EC0009FCFC /* Persistence.swift */ = {isa = PBXFileReference; lastKnownFileType = sourcecode.swift; path = Persistence.swift; sourceTree = "<group>"; };
		112C9A05277220EC0009FCFC /* FinanceTrackingAssistant.xcdatamodel */ = {isa = PBXFileReference; lastKnownFileType = wrapper.xcdatamodel; path = FinanceTrackingAssistant.xcdatamodel; sourceTree = "<group>"; };
		AB018F8627724DA00065488C /* ExpenseAddView.swift */ = {isa = PBXFileReference; lastKnownFileType = sourcecode.swift; path = ExpenseAddView.swift; sourceTree = "<group>"; };
		AB018F882772522E0065488C /* Expense+CoreDataClass.swift */ = {isa = PBXFileReference; lastKnownFileType = sourcecode.swift; path = "Expense+CoreDataClass.swift"; sourceTree = "<group>"; };
		ABD7F7C32773A20C008C432A /* Category+CoreDataClass.swift */ = {isa = PBXFileReference; lastKnownFileType = sourcecode.swift; path = "Category+CoreDataClass.swift"; sourceTree = "<group>"; };
		ABD7F7C82773A6BB008C432A /* LogicExtensions.swift */ = {isa = PBXFileReference; lastKnownFileType = sourcecode.swift; path = LogicExtensions.swift; sourceTree = "<group>"; };
		ABD7F7CA2773A886008C432A /* UIExtensions.swift */ = {isa = PBXFileReference; lastKnownFileType = sourcecode.swift; path = UIExtensions.swift; sourceTree = "<group>"; };
		ABD7F7CC2773C9E8008C432A /* CategoryAddView.swift */ = {isa = PBXFileReference; lastKnownFileType = sourcecode.swift; path = CategoryAddView.swift; sourceTree = "<group>"; };
		ABDE481A277325FB00613E31 /* FTAViewModel.swift */ = {isa = PBXFileReference; lastKnownFileType = sourcecode.swift; path = FTAViewModel.swift; sourceTree = "<group>"; };
/* End PBXFileReference section */

/* Begin PBXFrameworksBuildPhase section */
		112C99F3277220E90009FCFC /* Frameworks */ = {
			isa = PBXFrameworksBuildPhase;
			buildActionMask = 2147483647;
			files = (
			);
			runOnlyForDeploymentPostprocessing = 0;
		};
/* End PBXFrameworksBuildPhase section */

/* Begin PBXGroup section */
		112C99ED277220E90009FCFC = {
			isa = PBXGroup;
			children = (
				112C99F8277220EA0009FCFC /* FinanceTrackingAssistant */,
				112C99F7277220EA0009FCFC /* Products */,
			);
			sourceTree = "<group>";
		};
		112C99F7277220EA0009FCFC /* Products */ = {
			isa = PBXGroup;
			children = (
				112C99F6277220EA0009FCFC /* FinanceTrackingAssistant.app */,
			);
			name = Products;
			sourceTree = "<group>";
		};
		112C99F8277220EA0009FCFC /* FinanceTrackingAssistant */ = {
			isa = PBXGroup;
			children = (
				ABD7F7C72773A6A6008C432A /* Extensions */,
				ABDE48192773259A00613E31 /* Models */,
				ABDE48182773259000613E31 /* ViewModels */,
				ABDE48162773253200613E31 /* Views */,
				112C99F9277220EA0009FCFC /* FinanceTrackingAssistantApp.swift */,
				112C99FD277220EC0009FCFC /* Assets.xcassets */,
				112C9A02277220EC0009FCFC /* Persistence.swift */,
				112C9A04277220EC0009FCFC /* FinanceTrackingAssistant.xcdatamodeld */,
				112C99FF277220EC0009FCFC /* Preview Content */,
			);
			path = FinanceTrackingAssistant;
			sourceTree = "<group>";
		};
		112C99FF277220EC0009FCFC /* Preview Content */ = {
			isa = PBXGroup;
			children = (
				112C9A00277220EC0009FCFC /* Preview Assets.xcassets */,
			);
			path = "Preview Content";
			sourceTree = "<group>";
		};
		ABD7F7C72773A6A6008C432A /* Extensions */ = {
			isa = PBXGroup;
			children = (
				ABD7F7C82773A6BB008C432A /* LogicExtensions.swift */,
				ABD7F7CA2773A886008C432A /* UIExtensions.swift */,
			);
			path = Extensions;
			sourceTree = "<group>";
		};
		ABDE48162773253200613E31 /* Views */ = {
			isa = PBXGroup;
			children = (
				112C99FB277220EA0009FCFC /* ContentView.swift */,
				AB018F8627724DA00065488C /* ExpenseAddView.swift */,
				ABD7F7CC2773C9E8008C432A /* CategoryAddView.swift */,
			);
			path = Views;
			sourceTree = "<group>";
		};
		ABDE48182773259000613E31 /* ViewModels */ = {
			isa = PBXGroup;
			children = (
				ABDE481A277325FB00613E31 /* FTAViewModel.swift */,
			);
			path = ViewModels;
			sourceTree = "<group>";
		};
		ABDE48192773259A00613E31 /* Models */ = {
			isa = PBXGroup;
			children = (
				AB018F882772522E0065488C /* Expense+CoreDataClass.swift */,
				ABD7F7C32773A20C008C432A /* Category+CoreDataClass.swift */,
			);
			path = Models;
			sourceTree = "<group>";
		};
/* End PBXGroup section */

/* Begin PBXNativeTarget section */
		112C99F5277220E90009FCFC /* FinanceTrackingAssistant */ = {
			isa = PBXNativeTarget;
			buildConfigurationList = 112C9A09277220EC0009FCFC /* Build configuration list for PBXNativeTarget "FinanceTrackingAssistant" */;
			buildPhases = (
				112C99F2277220E90009FCFC /* Sources */,
				112C99F3277220E90009FCFC /* Frameworks */,
				112C99F4277220E90009FCFC /* Resources */,
			);
			buildRules = (
			);
			dependencies = (
			);
			name = FinanceTrackingAssistant;
			productName = FinanceTrackingAssistant;
			productReference = 112C99F6277220EA0009FCFC /* FinanceTrackingAssistant.app */;
			productType = "com.apple.product-type.application";
		};
/* End PBXNativeTarget section */

/* Begin PBXProject section */
		112C99EE277220E90009FCFC /* Project object */ = {
			isa = PBXProject;
			attributes = {
				BuildIndependentTargetsInParallel = 1;
				LastSwiftUpdateCheck = 1300;
				LastUpgradeCheck = 1300;
				TargetAttributes = {
					112C99F5277220E90009FCFC = {
						CreatedOnToolsVersion = 13.0;
					};
				};
			};
			buildConfigurationList = 112C99F1277220E90009FCFC /* Build configuration list for PBXProject "FinanceTrackingAssistant" */;
			compatibilityVersion = "Xcode 13.0";
			developmentRegion = en;
			hasScannedForEncodings = 0;
			knownRegions = (
				en,
				Base,
			);
			mainGroup = 112C99ED277220E90009FCFC;
			productRefGroup = 112C99F7277220EA0009FCFC /* Products */;
			projectDirPath = "";
			projectRoot = "";
			targets = (
				112C99F5277220E90009FCFC /* FinanceTrackingAssistant */,
			);
		};
/* End PBXProject section */

/* Begin PBXResourcesBuildPhase section */
		112C99F4277220E90009FCFC /* Resources */ = {
			isa = PBXResourcesBuildPhase;
			buildActionMask = 2147483647;
			files = (
				112C9A01277220EC0009FCFC /* Preview Assets.xcassets in Resources */,
				112C99FE277220EC0009FCFC /* Assets.xcassets in Resources */,
			);
			runOnlyForDeploymentPostprocessing = 0;
		};
/* End PBXResourcesBuildPhase section */

/* Begin PBXSourcesBuildPhase section */
		112C99F2277220E90009FCFC /* Sources */ = {
			isa = PBXSourcesBuildPhase;
			buildActionMask = 2147483647;
			files = (
				112C9A03277220EC0009FCFC /* Persistence.swift in Sources */,
				ABD7F7C92773A6BB008C432A /* LogicExtensions.swift in Sources */,
				ABD7F7C52773A20C008C432A /* Category+CoreDataClass.swift in Sources */,
				ABD7F7CB2773A886008C432A /* UIExtensions.swift in Sources */,
				AB018F8727724DA00065488C /* ExpenseAddView.swift in Sources */,
				112C99FC277220EA0009FCFC /* ContentView.swift in Sources */,
				112C9A06277220EC0009FCFC /* FinanceTrackingAssistant.xcdatamodeld in Sources */,
				AB018F8A2772522E0065488C /* Expense+CoreDataClass.swift in Sources */,
				ABD7F7CD2773C9E8008C432A /* CategoryAddView.swift in Sources */,
				112C99FA277220EA0009FCFC /* FinanceTrackingAssistantApp.swift in Sources */,
				ABDE481B277325FB00613E31 /* FTAViewModel.swift in Sources */,
			);
			runOnlyForDeploymentPostprocessing = 0;
		};
/* End PBXSourcesBuildPhase section */

/* Begin XCBuildConfiguration section */
		112C9A07277220EC0009FCFC /* Debug */ = {
			isa = XCBuildConfiguration;
			buildSettings = {
				ALWAYS_SEARCH_USER_PATHS = NO;
				CLANG_ANALYZER_NONNULL = YES;
				CLANG_ANALYZER_NUMBER_OBJECT_CONVERSION = YES_AGGRESSIVE;
				CLANG_CXX_LANGUAGE_STANDARD = "gnu++17";
				CLANG_CXX_LIBRARY = "libc++";
				CLANG_ENABLE_MODULES = YES;
				CLANG_ENABLE_OBJC_ARC = YES;
				CLANG_ENABLE_OBJC_WEAK = YES;
				CLANG_WARN_BLOCK_CAPTURE_AUTORELEASING = YES;
				CLANG_WARN_BOOL_CONVERSION = YES;
				CLANG_WARN_COMMA = YES;
				CLANG_WARN_CONSTANT_CONVERSION = YES;
				CLANG_WARN_DEPRECATED_OBJC_IMPLEMENTATIONS = YES;
				CLANG_WARN_DIRECT_OBJC_ISA_USAGE = YES_ERROR;
				CLANG_WARN_DOCUMENTATION_COMMENTS = YES;
				CLANG_WARN_EMPTY_BODY = YES;
				CLANG_WARN_ENUM_CONVERSION = YES;
				CLANG_WARN_INFINITE_RECURSION = YES;
				CLANG_WARN_INT_CONVERSION = YES;
				CLANG_WARN_NON_LITERAL_NULL_CONVERSION = YES;
				CLANG_WARN_OBJC_IMPLICIT_RETAIN_SELF = YES;
				CLANG_WARN_OBJC_LITERAL_CONVERSION = YES;
				CLANG_WARN_OBJC_ROOT_CLASS = YES_ERROR;
				CLANG_WARN_QUOTED_INCLUDE_IN_FRAMEWORK_HEADER = YES;
				CLANG_WARN_RANGE_LOOP_ANALYSIS = YES;
				CLANG_WARN_STRICT_PROTOTYPES = YES;
				CLANG_WARN_SUSPICIOUS_MOVE = YES;
				CLANG_WARN_UNGUARDED_AVAILABILITY = YES_AGGRESSIVE;
				CLANG_WARN_UNREACHABLE_CODE = YES;
				CLANG_WARN__DUPLICATE_METHOD_MATCH = YES;
				COPY_PHASE_STRIP = NO;
				DEBUG_INFORMATION_FORMAT = dwarf;
				ENABLE_STRICT_OBJC_MSGSEND = YES;
				ENABLE_TESTABILITY = YES;
				GCC_C_LANGUAGE_STANDARD = gnu11;
				GCC_DYNAMIC_NO_PIC = NO;
				GCC_NO_COMMON_BLOCKS = YES;
				GCC_OPTIMIZATION_LEVEL = 0;
				GCC_PREPROCESSOR_DEFINITIONS = (
					"DEBUG=1",
					"$(inherited)",
				);
				GCC_WARN_64_TO_32_BIT_CONVERSION = YES;
				GCC_WARN_ABOUT_RETURN_TYPE = YES_ERROR;
				GCC_WARN_UNDECLARED_SELECTOR = YES;
				GCC_WARN_UNINITIALIZED_AUTOS = YES_AGGRESSIVE;
				GCC_WARN_UNUSED_FUNCTION = YES;
				GCC_WARN_UNUSED_VARIABLE = YES;
				IPHONEOS_DEPLOYMENT_TARGET = 15.0;
				MTL_ENABLE_DEBUG_INFO = INCLUDE_SOURCE;
				MTL_FAST_MATH = YES;
				ONLY_ACTIVE_ARCH = YES;
				SDKROOT = iphoneos;
				SWIFT_ACTIVE_COMPILATION_CONDITIONS = DEBUG;
				SWIFT_OPTIMIZATION_LEVEL = "-Onone";
			};
			name = Debug;
		};
		112C9A08277220EC0009FCFC /* Release */ = {
			isa = XCBuildConfiguration;
			buildSettings = {
				ALWAYS_SEARCH_USER_PATHS = NO;
				CLANG_ANALYZER_NONNULL = YES;
				CLANG_ANALYZER_NUMBER_OBJECT_CONVERSION = YES_AGGRESSIVE;
				CLANG_CXX_LANGUAGE_STANDARD = "gnu++17";
				CLANG_CXX_LIBRARY = "libc++";
				CLANG_ENABLE_MODULES = YES;
				CLANG_ENABLE_OBJC_ARC = YES;
				CLANG_ENABLE_OBJC_WEAK = YES;
				CLANG_WARN_BLOCK_CAPTURE_AUTORELEASING = YES;
				CLANG_WARN_BOOL_CONVERSION = YES;
				CLANG_WARN_COMMA = YES;
				CLANG_WARN_CONSTANT_CONVERSION = YES;
				CLANG_WARN_DEPRECATED_OBJC_IMPLEMENTATIONS = YES;
				CLANG_WARN_DIRECT_OBJC_ISA_USAGE = YES_ERROR;
				CLANG_WARN_DOCUMENTATION_COMMENTS = YES;
				CLANG_WARN_EMPTY_BODY = YES;
				CLANG_WARN_ENUM_CONVERSION = YES;
				CLANG_WARN_INFINITE_RECURSION = YES;
				CLANG_WARN_INT_CONVERSION = YES;
				CLANG_WARN_NON_LITERAL_NULL_CONVERSION = YES;
				CLANG_WARN_OBJC_IMPLICIT_RETAIN_SELF = YES;
				CLANG_WARN_OBJC_LITERAL_CONVERSION = YES;
				CLANG_WARN_OBJC_ROOT_CLASS = YES_ERROR;
				CLANG_WARN_QUOTED_INCLUDE_IN_FRAMEWORK_HEADER = YES;
				CLANG_WARN_RANGE_LOOP_ANALYSIS = YES;
				CLANG_WARN_STRICT_PROTOTYPES = YES;
				CLANG_WARN_SUSPICIOUS_MOVE = YES;
				CLANG_WARN_UNGUARDED_AVAILABILITY = YES_AGGRESSIVE;
				CLANG_WARN_UNREACHABLE_CODE = YES;
				CLANG_WARN__DUPLICATE_METHOD_MATCH = YES;
				COPY_PHASE_STRIP = NO;
				DEBUG_INFORMATION_FORMAT = "dwarf-with-dsym";
				ENABLE_NS_ASSERTIONS = NO;
				ENABLE_STRICT_OBJC_MSGSEND = YES;
				GCC_C_LANGUAGE_STANDARD = gnu11;
				GCC_NO_COMMON_BLOCKS = YES;
				GCC_WARN_64_TO_32_BIT_CONVERSION = YES;
				GCC_WARN_ABOUT_RETURN_TYPE = YES_ERROR;
				GCC_WARN_UNDECLARED_SELECTOR = YES;
				GCC_WARN_UNINITIALIZED_AUTOS = YES_AGGRESSIVE;
				GCC_WARN_UNUSED_FUNCTION = YES;
				GCC_WARN_UNUSED_VARIABLE = YES;
				IPHONEOS_DEPLOYMENT_TARGET = 15.0;
				MTL_ENABLE_DEBUG_INFO = NO;
				MTL_FAST_MATH = YES;
				SDKROOT = iphoneos;
				SWIFT_COMPILATION_MODE = wholemodule;
				SWIFT_OPTIMIZATION_LEVEL = "-O";
				VALIDATE_PRODUCT = YES;
			};
			name = Release;
		};
		112C9A0A277220EC0009FCFC /* Debug */ = {
			isa = XCBuildConfiguration;
			buildSettings = {
				ASSETCATALOG_COMPILER_APPICON_NAME = AppIcon;
				ASSETCATALOG_COMPILER_GLOBAL_ACCENT_COLOR_NAME = AccentColor;
				CODE_SIGN_STYLE = Automatic;
				CURRENT_PROJECT_VERSION = 1;
				DEVELOPMENT_ASSET_PATHS = "\"FinanceTrackingAssistant/Preview Content\"";
				DEVELOPMENT_TEAM = SUU23BU4QL;
				ENABLE_PREVIEWS = YES;
				GENERATE_INFOPLIST_FILE = YES;
				INFOPLIST_KEY_UIApplicationSceneManifest_Generation = YES;
				INFOPLIST_KEY_UIApplicationSupportsIndirectInputEvents = YES;
				INFOPLIST_KEY_UILaunchScreen_Generation = YES;
				INFOPLIST_KEY_UISupportedInterfaceOrientations_iPad = "UIInterfaceOrientationPortrait UIInterfaceOrientationPortraitUpsideDown UIInterfaceOrientationLandscapeLeft UIInterfaceOrientationLandscapeRight";
				INFOPLIST_KEY_UISupportedInterfaceOrientations_iPhone = "UIInterfaceOrientationPortrait UIInterfaceOrientationLandscapeLeft UIInterfaceOrientationLandscapeRight";
				IPHONEOS_DEPLOYMENT_TARGET = 14.0;
				LD_RUNPATH_SEARCH_PATHS = (
					"$(inherited)",
					"@executable_path/Frameworks",
				);
				MARKETING_VERSION = 1.0;
				PRODUCT_BUNDLE_IDENTIFIER = Nikita.FinanceTrackingAssistant;
				PRODUCT_NAME = "$(TARGET_NAME)";
				SWIFT_EMIT_LOC_STRINGS = YES;
				SWIFT_VERSION = 5.0;
				TARGETED_DEVICE_FAMILY = "1,2";
			};
			name = Debug;
		};
		112C9A0B277220EC0009FCFC /* Release */ = {
			isa = XCBuildConfiguration;
			buildSettings = {
				ASSETCATALOG_COMPILER_APPICON_NAME = AppIcon;
				ASSETCATALOG_COMPILER_GLOBAL_ACCENT_COLOR_NAME = AccentColor;
				CODE_SIGN_STYLE = Automatic;
				CURRENT_PROJECT_VERSION = 1;
				DEVELOPMENT_ASSET_PATHS = "\"FinanceTrackingAssistant/Preview Content\"";
				DEVELOPMENT_TEAM = SUU23BU4QL;
				ENABLE_PREVIEWS = YES;
				GENERATE_INFOPLIST_FILE = YES;
				INFOPLIST_KEY_UIApplicationSceneManifest_Generation = YES;
				INFOPLIST_KEY_UIApplicationSupportsIndirectInputEvents = YES;
				INFOPLIST_KEY_UILaunchScreen_Generation = YES;
				INFOPLIST_KEY_UISupportedInterfaceOrientations_iPad = "UIInterfaceOrientationPortrait UIInterfaceOrientationPortraitUpsideDown UIInterfaceOrientationLandscapeLeft UIInterfaceOrientationLandscapeRight";
				INFOPLIST_KEY_UISupportedInterfaceOrientations_iPhone = "UIInterfaceOrientationPortrait UIInterfaceOrientationLandscapeLeft UIInterfaceOrientationLandscapeRight";
				IPHONEOS_DEPLOYMENT_TARGET = 14.0;
				LD_RUNPATH_SEARCH_PATHS = (
					"$(inherited)",
					"@executable_path/Frameworks",
				);
				MARKETING_VERSION = 1.0;
				PRODUCT_BUNDLE_IDENTIFIER = Nikita.FinanceTrackingAssistant;
				PRODUCT_NAME = "$(TARGET_NAME)";
				SWIFT_EMIT_LOC_STRINGS = YES;
				SWIFT_VERSION = 5.0;
				TARGETED_DEVICE_FAMILY = "1,2";
			};
			name = Release;
		};
/* End XCBuildConfiguration section */

/* Begin XCConfigurationList section */
		112C99F1277220E90009FCFC /* Build configuration list for PBXProject "FinanceTrackingAssistant" */ = {
			isa = XCConfigurationList;
			buildConfigurations = (
				112C9A07277220EC0009FCFC /* Debug */,
				112C9A08277220EC0009FCFC /* Release */,
			);
			defaultConfigurationIsVisible = 0;
			defaultConfigurationName = Release;
		};
		112C9A09277220EC0009FCFC /* Build configuration list for PBXNativeTarget "FinanceTrackingAssistant" */ = {
			isa = XCConfigurationList;
			buildConfigurations = (
				112C9A0A277220EC0009FCFC /* Debug */,
				112C9A0B277220EC0009FCFC /* Release */,
			);
			defaultConfigurationIsVisible = 0;
			defaultConfigurationName = Release;
		};
/* End XCConfigurationList section */

/* Begin XCVersionGroup section */
		112C9A04277220EC0009FCFC /* FinanceTrackingAssistant.xcdatamodeld */ = {
			isa = XCVersionGroup;
			children = (
				112C9A05277220EC0009FCFC /* FinanceTrackingAssistant.xcdatamodel */,
			);
			currentVersion = 112C9A05277220EC0009FCFC /* FinanceTrackingAssistant.xcdatamodel */;
			path = FinanceTrackingAssistant.xcdatamodeld;
			sourceTree = "<group>";
			versionGroupType = wrapper.xcdatamodel;
		};
/* End XCVersionGroup section */
	};
	rootObject = 112C99EE277220E90009FCFC /* Project object */;
}
