// !$*UTF8*$!
{
	archiveVersion = 1;
	classes = {
	};
	objectVersion = 55;
	objects = {

/* Begin PBXBuildFile section */
		111810952718F13C00D95096 /* BigImagesGCDApp.swift in Sources */ = {isa = PBXBuildFile; fileRef = 111810852718F13A00D95096 /* BigImagesGCDApp.swift */; };
		111810962718F13C00D95096 /* BigImagesGCDApp.swift in Sources */ = {isa = PBXBuildFile; fileRef = 111810852718F13A00D95096 /* BigImagesGCDApp.swift */; };
		111810972718F13C00D95096 /* ContentView.swift in Sources */ = {isa = PBXBuildFile; fileRef = 111810862718F13A00D95096 /* ContentView.swift */; };
		111810982718F13C00D95096 /* ContentView.swift in Sources */ = {isa = PBXBuildFile; fileRef = 111810862718F13A00D95096 /* ContentView.swift */; };
		111810992718F13C00D95096 /* Assets.xcassets in Resources */ = {isa = PBXBuildFile; fileRef = 111810872718F13C00D95096 /* Assets.xcassets */; };
		1118109A2718F13C00D95096 /* Assets.xcassets in Resources */ = {isa = PBXBuildFile; fileRef = 111810872718F13C00D95096 /* Assets.xcassets */; };
		111810D4271919ED00D95096 /* ImageViewModel.swift in Sources */ = {isa = PBXBuildFile; fileRef = 111810D3271919ED00D95096 /* ImageViewModel.swift */; };
		111810D5271919ED00D95096 /* ImageViewModel.swift in Sources */ = {isa = PBXBuildFile; fileRef = 111810D3271919ED00D95096 /* ImageViewModel.swift */; };
		111810DA27191EB500D95096 /* ImageView.swift in Sources */ = {isa = PBXBuildFile; fileRef = 111810D927191EB500D95096 /* ImageView.swift */; };
		111810DB27191EB500D95096 /* ImageView.swift in Sources */ = {isa = PBXBuildFile; fileRef = 111810D927191EB500D95096 /* ImageView.swift */; };
/* End PBXBuildFile section */

/* Begin PBXFileReference section */
		111810852718F13A00D95096 /* BigImagesGCDApp.swift */ = {isa = PBXFileReference; lastKnownFileType = sourcecode.swift; path = BigImagesGCDApp.swift; sourceTree = "<group>"; };
		111810862718F13A00D95096 /* ContentView.swift */ = {isa = PBXFileReference; lastKnownFileType = sourcecode.swift; path = ContentView.swift; sourceTree = "<group>"; };
		111810872718F13C00D95096 /* Assets.xcassets */ = {isa = PBXFileReference; lastKnownFileType = folder.assetcatalog; path = Assets.xcassets; sourceTree = "<group>"; };
		1118108C2718F13C00D95096 /* BigImagesGCD.app */ = {isa = PBXFileReference; explicitFileType = wrapper.application; includeInIndex = 0; path = BigImagesGCD.app; sourceTree = BUILT_PRODUCTS_DIR; };
		111810922718F13C00D95096 /* BigImagesGCD.app */ = {isa = PBXFileReference; explicitFileType = wrapper.application; includeInIndex = 0; path = BigImagesGCD.app; sourceTree = BUILT_PRODUCTS_DIR; };
		111810942718F13C00D95096 /* macOS.entitlements */ = {isa = PBXFileReference; lastKnownFileType = text.plist.entitlements; path = macOS.entitlements; sourceTree = "<group>"; };
		111810D3271919ED00D95096 /* ImageViewModel.swift */ = {isa = PBXFileReference; lastKnownFileType = sourcecode.swift; path = ImageViewModel.swift; sourceTree = "<group>"; };
		111810D927191EB500D95096 /* ImageView.swift */ = {isa = PBXFileReference; lastKnownFileType = sourcecode.swift; path = ImageView.swift; sourceTree = "<group>"; };
/* End PBXFileReference section */

/* Begin PBXFrameworksBuildPhase section */
		111810892718F13C00D95096 /* Frameworks */ = {
			isa = PBXFrameworksBuildPhase;
			buildActionMask = 2147483647;
			files = (
			);
			runOnlyForDeploymentPostprocessing = 0;
		};
		1118108F2718F13C00D95096 /* Frameworks */ = {
			isa = PBXFrameworksBuildPhase;
			buildActionMask = 2147483647;
			files = (
			);
			runOnlyForDeploymentPostprocessing = 0;
		};
/* End PBXFrameworksBuildPhase section */

/* Begin PBXGroup section */
		1118107F2718F13A00D95096 = {
			isa = PBXGroup;
			children = (
				111810842718F13A00D95096 /* Shared */,
				111810932718F13C00D95096 /* macOS */,
				1118108D2718F13C00D95096 /* Products */,
			);
			sourceTree = "<group>";
		};
		111810842718F13A00D95096 /* Shared */ = {
			isa = PBXGroup;
			children = (
				111810852718F13A00D95096 /* BigImagesGCDApp.swift */,
				111810862718F13A00D95096 /* ContentView.swift */,
				111810D3271919ED00D95096 /* ImageViewModel.swift */,
				111810D927191EB500D95096 /* ImageView.swift */,
				111810872718F13C00D95096 /* Assets.xcassets */,
			);
			path = Shared;
			sourceTree = "<group>";
		};
		1118108D2718F13C00D95096 /* Products */ = {
			isa = PBXGroup;
			children = (
				1118108C2718F13C00D95096 /* BigImagesGCD.app */,
				111810922718F13C00D95096 /* BigImagesGCD.app */,
			);
			name = Products;
			sourceTree = "<group>";
		};
		111810932718F13C00D95096 /* macOS */ = {
			isa = PBXGroup;
			children = (
				111810942718F13C00D95096 /* macOS.entitlements */,
			);
			path = macOS;
			sourceTree = "<group>";
		};
/* End PBXGroup section */

/* Begin PBXNativeTarget section */
		1118108B2718F13C00D95096 /* BigImagesGCD (iOS) */ = {
			isa = PBXNativeTarget;
			buildConfigurationList = 1118109D2718F13C00D95096 /* Build configuration list for PBXNativeTarget "BigImagesGCD (iOS)" */;
			buildPhases = (
				111810882718F13C00D95096 /* Sources */,
				111810892718F13C00D95096 /* Frameworks */,
				1118108A2718F13C00D95096 /* Resources */,
			);
			buildRules = (
			);
			dependencies = (
			);
			name = "BigImagesGCD (iOS)";
			productName = "BigImagesGCD (iOS)";
			productReference = 1118108C2718F13C00D95096 /* BigImagesGCD.app */;
			productType = "com.apple.product-type.application";
		};
		111810912718F13C00D95096 /* BigImagesGCD (macOS) */ = {
			isa = PBXNativeTarget;
			buildConfigurationList = 111810A02718F13C00D95096 /* Build configuration list for PBXNativeTarget "BigImagesGCD (macOS)" */;
			buildPhases = (
				1118108E2718F13C00D95096 /* Sources */,
				1118108F2718F13C00D95096 /* Frameworks */,
				111810902718F13C00D95096 /* Resources */,
			);
			buildRules = (
			);
			dependencies = (
			);
			name = "BigImagesGCD (macOS)";
			productName = "BigImagesGCD (macOS)";
			productReference = 111810922718F13C00D95096 /* BigImagesGCD.app */;
			productType = "com.apple.product-type.application";
		};
/* End PBXNativeTarget section */

/* Begin PBXProject section */
		111810802718F13A00D95096 /* Project object */ = {
			isa = PBXProject;
			attributes = {
				BuildIndependentTargetsInParallel = 1;
				LastSwiftUpdateCheck = 1300;
				LastUpgradeCheck = 1300;
				TargetAttributes = {
					1118108B2718F13C00D95096 = {
						CreatedOnToolsVersion = 13.0;
					};
					111810912718F13C00D95096 = {
						CreatedOnToolsVersion = 13.0;
					};
				};
			};
			buildConfigurationList = 111810832718F13A00D95096 /* Build configuration list for PBXProject "BigImagesGCD" */;
			compatibilityVersion = "Xcode 13.0";
			developmentRegion = en;
			hasScannedForEncodings = 0;
			knownRegions = (
				en,
				Base,
			);
			mainGroup = 1118107F2718F13A00D95096;
			productRefGroup = 1118108D2718F13C00D95096 /* Products */;
			projectDirPath = "";
			projectRoot = "";
			targets = (
				1118108B2718F13C00D95096 /* BigImagesGCD (iOS) */,
				111810912718F13C00D95096 /* BigImagesGCD (macOS) */,
			);
		};
/* End PBXProject section */

/* Begin PBXResourcesBuildPhase section */
		1118108A2718F13C00D95096 /* Resources */ = {
			isa = PBXResourcesBuildPhase;
			buildActionMask = 2147483647;
			files = (
				111810992718F13C00D95096 /* Assets.xcassets in Resources */,
			);
			runOnlyForDeploymentPostprocessing = 0;
		};
		111810902718F13C00D95096 /* Resources */ = {
			isa = PBXResourcesBuildPhase;
			buildActionMask = 2147483647;
			files = (
				1118109A2718F13C00D95096 /* Assets.xcassets in Resources */,
			);
			runOnlyForDeploymentPostprocessing = 0;
		};
/* End PBXResourcesBuildPhase section */

/* Begin PBXSourcesBuildPhase section */
		111810882718F13C00D95096 /* Sources */ = {
			isa = PBXSourcesBuildPhase;
			buildActionMask = 2147483647;
			files = (
				111810DA27191EB500D95096 /* ImageView.swift in Sources */,
				111810D4271919ED00D95096 /* ImageViewModel.swift in Sources */,
				111810972718F13C00D95096 /* ContentView.swift in Sources */,
				111810952718F13C00D95096 /* BigImagesGCDApp.swift in Sources */,
			);
			runOnlyForDeploymentPostprocessing = 0;
		};
		1118108E2718F13C00D95096 /* Sources */ = {
			isa = PBXSourcesBuildPhase;
			buildActionMask = 2147483647;
			files = (
				111810DB27191EB500D95096 /* ImageView.swift in Sources */,
				111810D5271919ED00D95096 /* ImageViewModel.swift in Sources */,
				111810982718F13C00D95096 /* ContentView.swift in Sources */,
				111810962718F13C00D95096 /* BigImagesGCDApp.swift in Sources */,
			);
			runOnlyForDeploymentPostprocessing = 0;
		};
/* End PBXSourcesBuildPhase section */

/* Begin XCBuildConfiguration section */
		1118109B2718F13C00D95096 /* Debug */ = {
			isa = XCBuildConfiguration;
			buildSettings = {
				ALWAYS_SEARCH_USER_PATHS = NO;
				CLANG_ANALYZER_NONNULL = YES;
				CLANG_ANALYZER_NUMBER_OBJECT_CONVERSION = YES_AGGRESSIVE;
				CLANG_CXX_LANGUAGE_STANDARD = "gnu++17";
				CLANG_CXX_LIBRARY = "libc++";
				CLANG_ENABLE_MODULES = YES;
				CLANG_ENABLE_OBJC_ARC = YES;
				CLANG_ENABLE_OBJC_WEAK = YES;
				CLANG_WARN_BLOCK_CAPTURE_AUTORELEASING = YES;
				CLANG_WARN_BOOL_CONVERSION = YES;
				CLANG_WARN_COMMA = YES;
				CLANG_WARN_CONSTANT_CONVERSION = YES;
				CLANG_WARN_DEPRECATED_OBJC_IMPLEMENTATIONS = YES;
				CLANG_WARN_DIRECT_OBJC_ISA_USAGE = YES_ERROR;
				CLANG_WARN_DOCUMENTATION_COMMENTS = YES;
				CLANG_WARN_EMPTY_BODY = YES;
				CLANG_WARN_ENUM_CONVERSION = YES;
				CLANG_WARN_INFINITE_RECURSION = YES;
				CLANG_WARN_INT_CONVERSION = YES;
				CLANG_WARN_NON_LITERAL_NULL_CONVERSION = YES;
				CLANG_WARN_OBJC_IMPLICIT_RETAIN_SELF = YES;
				CLANG_WARN_OBJC_LITERAL_CONVERSION = YES;
				CLANG_WARN_OBJC_ROOT_CLASS = YES_ERROR;
				CLANG_WARN_QUOTED_INCLUDE_IN_FRAMEWORK_HEADER = YES;
				CLANG_WARN_RANGE_LOOP_ANALYSIS = YES;
				CLANG_WARN_STRICT_PROTOTYPES = YES;
				CLANG_WARN_SUSPICIOUS_MOVE = YES;
				CLANG_WARN_UNGUARDED_AVAILABILITY = YES_AGGRESSIVE;
				CLANG_WARN_UNREACHABLE_CODE = YES;
				CLANG_WARN__DUPLICATE_METHOD_MATCH = YES;
				COPY_PHASE_STRIP = NO;
				DEBUG_INFORMATION_FORMAT = dwarf;
				ENABLE_STRICT_OBJC_MSGSEND = YES;
				ENABLE_TESTABILITY = YES;
				GCC_C_LANGUAGE_STANDARD = gnu11;
				GCC_DYNAMIC_NO_PIC = NO;
				GCC_NO_COMMON_BLOCKS = YES;
				GCC_OPTIMIZATION_LEVEL = 0;
				GCC_PREPROCESSOR_DEFINITIONS = (
					"DEBUG=1",
					"$(inherited)",
				);
				GCC_WARN_64_TO_32_BIT_CONVERSION = YES;
				GCC_WARN_ABOUT_RETURN_TYPE = YES_ERROR;
				GCC_WARN_UNDECLARED_SELECTOR = YES;
				GCC_WARN_UNINITIALIZED_AUTOS = YES_AGGRESSIVE;
				GCC_WARN_UNUSED_FUNCTION = YES;
				GCC_WARN_UNUSED_VARIABLE = YES;
				MTL_ENABLE_DEBUG_INFO = INCLUDE_SOURCE;
				MTL_FAST_MATH = YES;
				ONLY_ACTIVE_ARCH = YES;
				SWIFT_ACTIVE_COMPILATION_CONDITIONS = DEBUG;
				SWIFT_OPTIMIZATION_LEVEL = "-Onone";
			};
			name = Debug;
		};
		1118109C2718F13C00D95096 /* Release */ = {
			isa = XCBuildConfiguration;
			buildSettings = {
				ALWAYS_SEARCH_USER_PATHS = NO;
				CLANG_ANALYZER_NONNULL = YES;
				CLANG_ANALYZER_NUMBER_OBJECT_CONVERSION = YES_AGGRESSIVE;
				CLANG_CXX_LANGUAGE_STANDARD = "gnu++17";
				CLANG_CXX_LIBRARY = "libc++";
				CLANG_ENABLE_MODULES = YES;
				CLANG_ENABLE_OBJC_ARC = YES;
				CLANG_ENABLE_OBJC_WEAK = YES;
				CLANG_WARN_BLOCK_CAPTURE_AUTORELEASING = YES;
				CLANG_WARN_BOOL_CONVERSION = YES;
				CLANG_WARN_COMMA = YES;
				CLANG_WARN_CONSTANT_CONVERSION = YES;
				CLANG_WARN_DEPRECATED_OBJC_IMPLEMENTATIONS = YES;
				CLANG_WARN_DIRECT_OBJC_ISA_USAGE = YES_ERROR;
				CLANG_WARN_DOCUMENTATION_COMMENTS = YES;
				CLANG_WARN_EMPTY_BODY = YES;
				CLANG_WARN_ENUM_CONVERSION = YES;
				CLANG_WARN_INFINITE_RECURSION = YES;
				CLANG_WARN_INT_CONVERSION = YES;
				CLANG_WARN_NON_LITERAL_NULL_CONVERSION = YES;
				CLANG_WARN_OBJC_IMPLICIT_RETAIN_SELF = YES;
				CLANG_WARN_OBJC_LITERAL_CONVERSION = YES;
				CLANG_WARN_OBJC_ROOT_CLASS = YES_ERROR;
				CLANG_WARN_QUOTED_INCLUDE_IN_FRAMEWORK_HEADER = YES;
				CLANG_WARN_RANGE_LOOP_ANALYSIS = YES;
				CLANG_WARN_STRICT_PROTOTYPES = YES;
				CLANG_WARN_SUSPICIOUS_MOVE = YES;
				CLANG_WARN_UNGUARDED_AVAILABILITY = YES_AGGRESSIVE;
				CLANG_WARN_UNREACHABLE_CODE = YES;
				CLANG_WARN__DUPLICATE_METHOD_MATCH = YES;
				COPY_PHASE_STRIP = NO;
				DEBUG_INFORMATION_FORMAT = "dwarf-with-dsym";
				ENABLE_NS_ASSERTIONS = NO;
				ENABLE_STRICT_OBJC_MSGSEND = YES;
				GCC_C_LANGUAGE_STANDARD = gnu11;
				GCC_NO_COMMON_BLOCKS = YES;
				GCC_WARN_64_TO_32_BIT_CONVERSION = YES;
				GCC_WARN_ABOUT_RETURN_TYPE = YES_ERROR;
				GCC_WARN_UNDECLARED_SELECTOR = YES;
				GCC_WARN_UNINITIALIZED_AUTOS = YES_AGGRESSIVE;
				GCC_WARN_UNUSED_FUNCTION = YES;
				GCC_WARN_UNUSED_VARIABLE = YES;
				MTL_ENABLE_DEBUG_INFO = NO;
				MTL_FAST_MATH = YES;
				SWIFT_COMPILATION_MODE = wholemodule;
				SWIFT_OPTIMIZATION_LEVEL = "-O";
			};
			name = Release;
		};
		1118109E2718F13C00D95096 /* Debug */ = {
			isa = XCBuildConfiguration;
			buildSettings = {
				ASSETCATALOG_COMPILER_APPICON_NAME = AppIcon;
				ASSETCATALOG_COMPILER_GLOBAL_ACCENT_COLOR_NAME = AccentColor;
				CODE_SIGN_STYLE = Automatic;
				CURRENT_PROJECT_VERSION = 1;
				DEVELOPMENT_TEAM = SUU23BU4QL;
				ENABLE_PREVIEWS = YES;
				GENERATE_INFOPLIST_FILE = YES;
				INFOPLIST_KEY_UIApplicationSceneManifest_Generation = YES;
				INFOPLIST_KEY_UIApplicationSupportsIndirectInputEvents = YES;
				INFOPLIST_KEY_UILaunchScreen_Generation = YES;
				INFOPLIST_KEY_UISupportedInterfaceOrientations_iPad = "UIInterfaceOrientationPortrait UIInterfaceOrientationPortraitUpsideDown UIInterfaceOrientationLandscapeLeft UIInterfaceOrientationLandscapeRight";
				INFOPLIST_KEY_UISupportedInterfaceOrientations_iPhone = "UIInterfaceOrientationPortrait UIInterfaceOrientationLandscapeLeft UIInterfaceOrientationLandscapeRight";
				IPHONEOS_DEPLOYMENT_TARGET = 14.0;
				LD_RUNPATH_SEARCH_PATHS = (
					"$(inherited)",
					"@executable_path/Frameworks",
				);
				MARKETING_VERSION = 1.0;
				PRODUCT_BUNDLE_IDENTIFIER = Yakuz4.BigImagesGCD;
				PRODUCT_NAME = BigImagesGCD;
				SDKROOT = iphoneos;
				SWIFT_EMIT_LOC_STRINGS = YES;
				SWIFT_VERSION = 5.0;
				TARGETED_DEVICE_FAMILY = "1,2";
			};
			name = Debug;
		};
		1118109F2718F13C00D95096 /* Release */ = {
			isa = XCBuildConfiguration;
			buildSettings = {
				ASSETCATALOG_COMPILER_APPICON_NAME = AppIcon;
				ASSETCATALOG_COMPILER_GLOBAL_ACCENT_COLOR_NAME = AccentColor;
				CODE_SIGN_STYLE = Automatic;
				CURRENT_PROJECT_VERSION = 1;
				DEVELOPMENT_TEAM = SUU23BU4QL;
				ENABLE_PREVIEWS = YES;
				GENERATE_INFOPLIST_FILE = YES;
				INFOPLIST_KEY_UIApplicationSceneManifest_Generation = YES;
				INFOPLIST_KEY_UIApplicationSupportsIndirectInputEvents = YES;
				INFOPLIST_KEY_UILaunchScreen_Generation = YES;
				INFOPLIST_KEY_UISupportedInterfaceOrientations_iPad = "UIInterfaceOrientationPortrait UIInterfaceOrientationPortraitUpsideDown UIInterfaceOrientationLandscapeLeft UIInterfaceOrientationLandscapeRight";
				INFOPLIST_KEY_UISupportedInterfaceOrientations_iPhone = "UIInterfaceOrientationPortrait UIInterfaceOrientationLandscapeLeft UIInterfaceOrientationLandscapeRight";
				IPHONEOS_DEPLOYMENT_TARGET = 14.0;
				LD_RUNPATH_SEARCH_PATHS = (
					"$(inherited)",
					"@executable_path/Frameworks",
				);
				MARKETING_VERSION = 1.0;
				PRODUCT_BUNDLE_IDENTIFIER = Yakuz4.BigImagesGCD;
				PRODUCT_NAME = BigImagesGCD;
				SDKROOT = iphoneos;
				SWIFT_EMIT_LOC_STRINGS = YES;
				SWIFT_VERSION = 5.0;
				TARGETED_DEVICE_FAMILY = "1,2";
				VALIDATE_PRODUCT = YES;
			};
			name = Release;
		};
		111810A12718F13C00D95096 /* Debug */ = {
			isa = XCBuildConfiguration;
			buildSettings = {
				ASSETCATALOG_COMPILER_APPICON_NAME = AppIcon;
				ASSETCATALOG_COMPILER_GLOBAL_ACCENT_COLOR_NAME = AccentColor;
				CODE_SIGN_ENTITLEMENTS = macOS/macOS.entitlements;
				CODE_SIGN_STYLE = Automatic;
				COMBINE_HIDPI_IMAGES = YES;
				CURRENT_PROJECT_VERSION = 1;
				DEVELOPMENT_TEAM = SUU23BU4QL;
				ENABLE_HARDENED_RUNTIME = YES;
				ENABLE_PREVIEWS = YES;
				GENERATE_INFOPLIST_FILE = YES;
				INFOPLIST_KEY_NSHumanReadableCopyright = "";
				LD_RUNPATH_SEARCH_PATHS = (
					"$(inherited)",
					"@executable_path/../Frameworks",
				);
				MACOSX_DEPLOYMENT_TARGET = 11.0;
				MARKETING_VERSION = 1.0;
				PRODUCT_BUNDLE_IDENTIFIER = Yakuz4.BigImagesGCD;
				PRODUCT_NAME = BigImagesGCD;
				SDKROOT = macosx;
				SWIFT_EMIT_LOC_STRINGS = YES;
				SWIFT_VERSION = 5.0;
			};
			name = Debug;
		};
		111810A22718F13C00D95096 /* Release */ = {
			isa = XCBuildConfiguration;
			buildSettings = {
				ASSETCATALOG_COMPILER_APPICON_NAME = AppIcon;
				ASSETCATALOG_COMPILER_GLOBAL_ACCENT_COLOR_NAME = AccentColor;
				CODE_SIGN_ENTITLEMENTS = macOS/macOS.entitlements;
				CODE_SIGN_STYLE = Automatic;
				COMBINE_HIDPI_IMAGES = YES;
				CURRENT_PROJECT_VERSION = 1;
				DEVELOPMENT_TEAM = SUU23BU4QL;
				ENABLE_HARDENED_RUNTIME = YES;
				ENABLE_PREVIEWS = YES;
				GENERATE_INFOPLIST_FILE = YES;
				INFOPLIST_KEY_NSHumanReadableCopyright = "";
				LD_RUNPATH_SEARCH_PATHS = (
					"$(inherited)",
					"@executable_path/../Frameworks",
				);
				MACOSX_DEPLOYMENT_TARGET = 11.0;
				MARKETING_VERSION = 1.0;
				PRODUCT_BUNDLE_IDENTIFIER = Yakuz4.BigImagesGCD;
				PRODUCT_NAME = BigImagesGCD;
				SDKROOT = macosx;
				SWIFT_EMIT_LOC_STRINGS = YES;
				SWIFT_VERSION = 5.0;
			};
			name = Release;
		};
/* End XCBuildConfiguration section */

/* Begin XCConfigurationList section */
		111810832718F13A00D95096 /* Build configuration list for PBXProject "BigImagesGCD" */ = {
			isa = XCConfigurationList;
			buildConfigurations = (
				1118109B2718F13C00D95096 /* Debug */,
				1118109C2718F13C00D95096 /* Release */,
			);
			defaultConfigurationIsVisible = 0;
			defaultConfigurationName = Release;
		};
		1118109D2718F13C00D95096 /* Build configuration list for PBXNativeTarget "BigImagesGCD (iOS)" */ = {
			isa = XCConfigurationList;
			buildConfigurations = (
				1118109E2718F13C00D95096 /* Debug */,
				1118109F2718F13C00D95096 /* Release */,
			);
			defaultConfigurationIsVisible = 0;
			defaultConfigurationName = Release;
		};
		111810A02718F13C00D95096 /* Build configuration list for PBXNativeTarget "BigImagesGCD (macOS)" */ = {
			isa = XCConfigurationList;
			buildConfigurations = (
				111810A12718F13C00D95096 /* Debug */,
				111810A22718F13C00D95096 /* Release */,
			);
			defaultConfigurationIsVisible = 0;
			defaultConfigurationName = Release;
		};
/* End XCConfigurationList section */
	};
	rootObject = 111810802718F13A00D95096 /* Project object */;
}
